
Microsoft Visual Studio Solution File, Format Version 12.00
# Visual Studio Version 17
VisualStudioVersion = 17.6.33723.286
MinimumVisualStudioVersion = 10.0.40219.1
Project("{FAE04EC0-301F-11D3-BF4B-00C04F79EFBC}") = "c-sharp-Lists", "c-sharp-Lists\c-sharp-Lists.csproj", "{A8041D60-5136-4135-AABB-72583525B32F}"
EndProject
Global
	GlobalSection(SolutionConfigurationPlatforms) = preSolution
		Debug|Any CPU = Debug|Any CPU
		Release|Any CPU = Release|Any CPU
	EndGlobalSection
	GlobalSection(ProjectConfigurationPlatforms) = postSolution
		{A8041D60-5136-4135-AABB-72583525B32F}.Debug|Any CPU.ActiveCfg = Debug|Any CPU
		{A8041D60-5136-4135-AABB-72583525B32F}.Debug|Any CPU.Build.0 = Debug|Any CPU
		{A8041D60-5136-4135-AABB-72583525B32F}.Release|Any CPU.ActiveCfg = Release|Any CPU
		{A8041D60-5136-4135-AABB-72583525B32F}.Release|Any CPU.Build.0 = Release|Any CPU
	EndGlobalSection
	GlobalSection(SolutionProperties) = preSolution
		HideSolutionNode = FALSE
	EndGlobalSection
	GlobalSection(ExtensibilityGlobals) = postSolution
		SolutionGuid = {903216BF-9CA3-4C1A-BEA4-FB1D28883E06}
	EndGlobalSection
EndGlobal
